// !$*UTF8*$!
{
	archiveVersion = 1;
	classes = {
	};
	objectVersion = 50;
	objects = {

/* Begin PBXBuildFile section */
		3A0A864225E380E400EB812A /* AppDelegate.swift in Sources */ = {isa = PBXBuildFile; fileRef = 3A0A864125E380E400EB812A /* AppDelegate.swift */; };
		3A0A864425E380E400EB812A /* SceneDelegate.swift in Sources */ = {isa = PBXBuildFile; fileRef = 3A0A864325E380E400EB812A /* SceneDelegate.swift */; };
		3A0A864625E380E400EB812A /* ViewController.swift in Sources */ = {isa = PBXBuildFile; fileRef = 3A0A864525E380E400EB812A /* ViewController.swift */; };
		3A0A864925E380E400EB812A /* Main.storyboard in Resources */ = {isa = PBXBuildFile; fileRef = 3A0A864725E380E400EB812A /* Main.storyboard */; };
		3A0A864B25E380EB00EB812A /* Assets.xcassets in Resources */ = {isa = PBXBuildFile; fileRef = 3A0A864A25E380EB00EB812A /* Assets.xcassets */; };
		3A0A864E25E380EB00EB812A /* LaunchScreen.storyboard in Resources */ = {isa = PBXBuildFile; fileRef = 3A0A864C25E380EB00EB812A /* LaunchScreen.storyboard */; };
		3A0A865825E3867C00EB812A /* Common.swift in Sources */ = {isa = PBXBuildFile; fileRef = 3A0A865725E3867C00EB812A /* Common.swift */; };
		3A0A865D25E39FF700EB812A /* SummaryTableViewCell.swift in Sources */ = {isa = PBXBuildFile; fileRef = 3A0A865C25E39FF700EB812A /* SummaryTableViewCell.swift */; };
		3A0A866025E3A00F00EB812A /* ForecastTableViewCell.swift in Sources */ = {isa = PBXBuildFile; fileRef = 3A0A865F25E3A00F00EB812A /* ForecastTableViewCell.swift */; };
		3ABE9DB625E4DF01006721E5 /* ApiError.swift in Sources */ = {isa = PBXBuildFile; fileRef = 3ABE9DB525E4DF01006721E5 /* ApiError.swift */; };
		3ABE9DBA25E4DF27006721E5 /* CurrentWeather.swift in Sources */ = {isa = PBXBuildFile; fileRef = 3ABE9DB925E4DF27006721E5 /* CurrentWeather.swift */; };
		3ABE9DBD25E4DF3A006721E5 /* Forecast.swift in Sources */ = {isa = PBXBuildFile; fileRef = 3ABE9DBC25E4DF3A006721E5 /* Forecast.swift */; };
		3ABE9DC125E4DF6F006721E5 /* WeatherDataSource.swift in Sources */ = {isa = PBXBuildFile; fileRef = 3ABE9DC025E4DF6F006721E5 /* WeatherDataSource.swift */; };
		3ABE9DC625E4E5FA006721E5 /* Double+Formatter.swift in Sources */ = {isa = PBXBuildFile; fileRef = 3ABE9DC525E4E5FA006721E5 /* Double+Formatter.swift */; };
		3ABE9DCA25E4E85E006721E5 /* Date+Formatter.swift in Sources */ = {isa = PBXBuildFile; fileRef = 3ABE9DC925E4E85E006721E5 /* Date+Formatter.swift */; };
		3ABE9DCE25E4ED8A006721E5 /* LocationManager.swift in Sources */ = {isa = PBXBuildFile; fileRef = 3ABE9DCD25E4ED8A006721E5 /* LocationManager.swift */; };
/* End PBXBuildFile section */

/* Begin PBXFileReference section */
		3A0A863E25E380E400EB812A /* iOS_Forecast.app */ = {isa = PBXFileReference; explicitFileType = wrapper.application; includeInIndex = 0; path = iOS_Forecast.app; sourceTree = BUILT_PRODUCTS_DIR; };
		3A0A864125E380E400EB812A /* AppDelegate.swift */ = {isa = PBXFileReference; lastKnownFileType = sourcecode.swift; path = AppDelegate.swift; sourceTree = "<group>"; };
		3A0A864325E380E400EB812A /* SceneDelegate.swift */ = {isa = PBXFileReference; lastKnownFileType = sourcecode.swift; path = SceneDelegate.swift; sourceTree = "<group>"; };
		3A0A864525E380E400EB812A /* ViewController.swift */ = {isa = PBXFileReference; lastKnownFileType = sourcecode.swift; path = ViewController.swift; sourceTree = "<group>"; };
		3A0A864825E380E400EB812A /* Base */ = {isa = PBXFileReference; lastKnownFileType = file.storyboard; name = Base; path = Base.lproj/Main.storyboard; sourceTree = "<group>"; };
		3A0A864A25E380EB00EB812A /* Assets.xcassets */ = {isa = PBXFileReference; lastKnownFileType = folder.assetcatalog; path = Assets.xcassets; sourceTree = "<group>"; };
		3A0A864D25E380EB00EB812A /* Base */ = {isa = PBXFileReference; lastKnownFileType = file.storyboard; name = Base; path = Base.lproj/LaunchScreen.storyboard; sourceTree = "<group>"; };
		3A0A864F25E380EB00EB812A /* Info.plist */ = {isa = PBXFileReference; lastKnownFileType = text.plist.xml; path = Info.plist; sourceTree = "<group>"; };
		3A0A865725E3867C00EB812A /* Common.swift */ = {isa = PBXFileReference; lastKnownFileType = sourcecode.swift; path = Common.swift; sourceTree = "<group>"; };
		3A0A865C25E39FF700EB812A /* SummaryTableViewCell.swift */ = {isa = PBXFileReference; lastKnownFileType = sourcecode.swift; path = SummaryTableViewCell.swift; sourceTree = "<group>"; };
		3A0A865F25E3A00F00EB812A /* ForecastTableViewCell.swift */ = {isa = PBXFileReference; lastKnownFileType = sourcecode.swift; path = ForecastTableViewCell.swift; sourceTree = "<group>"; };
		3A0A866325E3A4FD00EB812A /* CurrentWeatherApi.playground */ = {isa = PBXFileReference; lastKnownFileType = file.playground; path = CurrentWeatherApi.playground; sourceTree = "<group>"; xcLanguageSpecificationIdentifier = xcode.lang.swift; };
		3ABE9DB225E4DB69006721E5 /* ForecastApi.playground */ = {isa = PBXFileReference; lastKnownFileType = file.playground; path = ForecastApi.playground; sourceTree = "<group>"; xcLanguageSpecificationIdentifier = xcode.lang.swift; };
		3ABE9DB525E4DF01006721E5 /* ApiError.swift */ = {isa = PBXFileReference; lastKnownFileType = sourcecode.swift; path = ApiError.swift; sourceTree = "<group>"; };
		3ABE9DB925E4DF27006721E5 /* CurrentWeather.swift */ = {isa = PBXFileReference; lastKnownFileType = sourcecode.swift; path = CurrentWeather.swift; sourceTree = "<group>"; };
		3ABE9DBC25E4DF3A006721E5 /* Forecast.swift */ = {isa = PBXFileReference; lastKnownFileType = sourcecode.swift; path = Forecast.swift; sourceTree = "<group>"; };
		3ABE9DC025E4DF6F006721E5 /* WeatherDataSource.swift */ = {isa = PBXFileReference; lastKnownFileType = sourcecode.swift; path = WeatherDataSource.swift; sourceTree = "<group>"; };
		3ABE9DC525E4E5FA006721E5 /* Double+Formatter.swift */ = {isa = PBXFileReference; lastKnownFileType = sourcecode.swift; path = "Double+Formatter.swift"; sourceTree = "<group>"; };
		3ABE9DC925E4E85E006721E5 /* Date+Formatter.swift */ = {isa = PBXFileReference; lastKnownFileType = sourcecode.swift; path = "Date+Formatter.swift"; sourceTree = "<group>"; };
		3ABE9DCD25E4ED8A006721E5 /* LocationManager.swift */ = {isa = PBXFileReference; lastKnownFileType = sourcecode.swift; path = LocationManager.swift; sourceTree = "<group>"; };
/* End PBXFileReference section */

/* Begin PBXFrameworksBuildPhase section */
		3A0A863B25E380E400EB812A /* Frameworks */ = {
			isa = PBXFrameworksBuildPhase;
			buildActionMask = 2147483647;
			files = (
			);
			runOnlyForDeploymentPostprocessing = 0;
		};
/* End PBXFrameworksBuildPhase section */

/* Begin PBXGroup section */
		3A0A863525E380E400EB812A = {
			isa = PBXGroup;
			children = (
				3A0A864025E380E400EB812A /* iOS_Forecast */,
				3A0A863F25E380E400EB812A /* Products */,
			);
			sourceTree = "<group>";
		};
		3A0A863F25E380E400EB812A /* Products */ = {
			isa = PBXGroup;
			children = (
				3A0A863E25E380E400EB812A /* iOS_Forecast.app */,
			);
			name = Products;
			sourceTree = "<group>";
		};
		3A0A864025E380E400EB812A /* iOS_Forecast */ = {
			isa = PBXGroup;
			children = (
				3ABE9DCC25E4ED7B006721E5 /* Location */,
				3ABE9DC425E4E5D6006721E5 /* Formatter */,
				3ABE9DBF25E4DF5D006721E5 /* Data */,
				3ABE9DB425E4DEF1006721E5 /* Model */,
				3A0A866225E3A4DD00EB812A /* Api */,
				3A0A865B25E39FCF00EB812A /* Cell */,
				3A0A864125E380E400EB812A /* AppDelegate.swift */,
				3A0A864325E380E400EB812A /* SceneDelegate.swift */,
				3A0A865725E3867C00EB812A /* Common.swift */,
				3A0A864525E380E400EB812A /* ViewController.swift */,
				3A0A864725E380E400EB812A /* Main.storyboard */,
				3A0A864A25E380EB00EB812A /* Assets.xcassets */,
				3A0A864C25E380EB00EB812A /* LaunchScreen.storyboard */,
				3A0A864F25E380EB00EB812A /* Info.plist */,
			);
			path = iOS_Forecast;
			sourceTree = "<group>";
		};
		3A0A865B25E39FCF00EB812A /* Cell */ = {
			isa = PBXGroup;
			children = (
				3A0A865C25E39FF700EB812A /* SummaryTableViewCell.swift */,
				3A0A865F25E3A00F00EB812A /* ForecastTableViewCell.swift */,
			);
			path = Cell;
			sourceTree = "<group>";
		};
		3A0A866225E3A4DD00EB812A /* Api */ = {
			isa = PBXGroup;
			children = (
				3A0A866325E3A4FD00EB812A /* CurrentWeatherApi.playground */,
				3ABE9DB225E4DB69006721E5 /* ForecastApi.playground */,
			);
			path = Api;
			sourceTree = "<group>";
		};
		3ABE9DB425E4DEF1006721E5 /* Model */ = {
			isa = PBXGroup;
			children = (
				3ABE9DB525E4DF01006721E5 /* ApiError.swift */,
				3ABE9DB925E4DF27006721E5 /* CurrentWeather.swift */,
				3ABE9DBC25E4DF3A006721E5 /* Forecast.swift */,
			);
			path = Model;
			sourceTree = "<group>";
		};
		3ABE9DBF25E4DF5D006721E5 /* Data */ = {
			isa = PBXGroup;
			children = (
				3ABE9DC025E4DF6F006721E5 /* WeatherDataSource.swift */,
			);
			path = Data;
			sourceTree = "<group>";
		};
		3ABE9DC425E4E5D6006721E5 /* Formatter */ = {
			isa = PBXGroup;
			children = (
				3ABE9DC525E4E5FA006721E5 /* Double+Formatter.swift */,
				3ABE9DC925E4E85E006721E5 /* Date+Formatter.swift */,
			);
			path = Formatter;
			sourceTree = "<group>";
		};
		3ABE9DCC25E4ED7B006721E5 /* Location */ = {
			isa = PBXGroup;
			children = (
				3ABE9DCD25E4ED8A006721E5 /* LocationManager.swift */,
			);
			path = Location;
			sourceTree = "<group>";
		};
/* End PBXGroup section */

/* Begin PBXNativeTarget section */
		3A0A863D25E380E400EB812A /* iOS_Forecast */ = {
			isa = PBXNativeTarget;
			buildConfigurationList = 3A0A865225E380EB00EB812A /* Build configuration list for PBXNativeTarget "iOS_Forecast" */;
			buildPhases = (
				3A0A863A25E380E400EB812A /* Sources */,
				3A0A863B25E380E400EB812A /* Frameworks */,
				3A0A863C25E380E400EB812A /* Resources */,
			);
			buildRules = (
			);
			dependencies = (
			);
			name = iOS_Forecast;
			productName = iOS_Forecast;
			productReference = 3A0A863E25E380E400EB812A /* iOS_Forecast.app */;
			productType = "com.apple.product-type.application";
		};
/* End PBXNativeTarget section */

/* Begin PBXProject section */
		3A0A863625E380E400EB812A /* Project object */ = {
			isa = PBXProject;
			attributes = {
				LastSwiftUpdateCheck = 1240;
				LastUpgradeCheck = 1240;
				TargetAttributes = {
					3A0A863D25E380E400EB812A = {
						CreatedOnToolsVersion = 12.4;
					};
				};
			};
			buildConfigurationList = 3A0A863925E380E400EB812A /* Build configuration list for PBXProject "iOS_Forecast" */;
			compatibilityVersion = "Xcode 9.3";
			developmentRegion = en;
			hasScannedForEncodings = 0;
			knownRegions = (
				en,
				Base,
			);
			mainGroup = 3A0A863525E380E400EB812A;
			productRefGroup = 3A0A863F25E380E400EB812A /* Products */;
			projectDirPath = "";
			projectRoot = "";
			targets = (
				3A0A863D25E380E400EB812A /* iOS_Forecast */,
			);
		};
/* End PBXProject section */

/* Begin PBXResourcesBuildPhase section */
		3A0A863C25E380E400EB812A /* Resources */ = {
			isa = PBXResourcesBuildPhase;
			buildActionMask = 2147483647;
			files = (
				3A0A864E25E380EB00EB812A /* LaunchScreen.storyboard in Resources */,
				3A0A864B25E380EB00EB812A /* Assets.xcassets in Resources */,
				3A0A864925E380E400EB812A /* Main.storyboard in Resources */,
			);
			runOnlyForDeploymentPostprocessing = 0;
		};
/* End PBXResourcesBuildPhase section */

/* Begin PBXSourcesBuildPhase section */
		3A0A863A25E380E400EB812A /* Sources */ = {
			isa = PBXSourcesBuildPhase;
			buildActionMask = 2147483647;
			files = (
				3ABE9DB625E4DF01006721E5 /* ApiError.swift in Sources */,
				3A0A866025E3A00F00EB812A /* ForecastTableViewCell.swift in Sources */,
				3ABE9DBA25E4DF27006721E5 /* CurrentWeather.swift in Sources */,
				3ABE9DC625E4E5FA006721E5 /* Double+Formatter.swift in Sources */,
				3ABE9DCA25E4E85E006721E5 /* Date+Formatter.swift in Sources */,
				3A0A865825E3867C00EB812A /* Common.swift in Sources */,
				3ABE9DBD25E4DF3A006721E5 /* Forecast.swift in Sources */,
				3A0A864625E380E400EB812A /* ViewController.swift in Sources */,
				3A0A864225E380E400EB812A /* AppDelegate.swift in Sources */,
				3ABE9DC125E4DF6F006721E5 /* WeatherDataSource.swift in Sources */,
				3A0A865D25E39FF700EB812A /* SummaryTableViewCell.swift in Sources */,
				3A0A864425E380E400EB812A /* SceneDelegate.swift in Sources */,
				3ABE9DCE25E4ED8A006721E5 /* LocationManager.swift in Sources */,
			);
			runOnlyForDeploymentPostprocessing = 0;
		};
/* End PBXSourcesBuildPhase section */

/* Begin PBXVariantGroup section */
		3A0A864725E380E400EB812A /* Main.storyboard */ = {
			isa = PBXVariantGroup;
			children = (
				3A0A864825E380E400EB812A /* Base */,
			);
			name = Main.storyboard;
			sourceTree = "<group>";
		};
		3A0A864C25E380EB00EB812A /* LaunchScreen.storyboard */ = {
			isa = PBXVariantGroup;
			children = (
				3A0A864D25E380EB00EB812A /* Base */,
			);
			name = LaunchScreen.storyboard;
			sourceTree = "<group>";
		};
/* End PBXVariantGroup section */

/* Begin XCBuildConfiguration section */
		3A0A865025E380EB00EB812A /* Debug */ = {
			isa = XCBuildConfiguration;
			buildSettings = {
				ALWAYS_SEARCH_USER_PATHS = NO;
				CLANG_ANALYZER_NONNULL = YES;
				CLANG_ANALYZER_NUMBER_OBJECT_CONVERSION = YES_AGGRESSIVE;
				CLANG_CXX_LANGUAGE_STANDARD = "gnu++14";
				CLANG_CXX_LIBRARY = "libc++";
				CLANG_ENABLE_MODULES = YES;
				CLANG_ENABLE_OBJC_ARC = YES;
				CLANG_ENABLE_OBJC_WEAK = YES;
				CLANG_WARN_BLOCK_CAPTURE_AUTORELEASING = YES;
				CLANG_WARN_BOOL_CONVERSION = YES;
				CLANG_WARN_COMMA = YES;
				CLANG_WARN_CONSTANT_CONVERSION = YES;
				CLANG_WARN_DEPRECATED_OBJC_IMPLEMENTATIONS = YES;
				CLANG_WARN_DIRECT_OBJC_ISA_USAGE = YES_ERROR;
				CLANG_WARN_DOCUMENTATION_COMMENTS = YES;
				CLANG_WARN_EMPTY_BODY = YES;
				CLANG_WARN_ENUM_CONVERSION = YES;
				CLANG_WARN_INFINITE_RECURSION = YES;
				CLANG_WARN_INT_CONVERSION = YES;
				CLANG_WARN_NON_LITERAL_NULL_CONVERSION = YES;
				CLANG_WARN_OBJC_IMPLICIT_RETAIN_SELF = YES;
				CLANG_WARN_OBJC_LITERAL_CONVERSION = YES;
				CLANG_WARN_OBJC_ROOT_CLASS = YES_ERROR;
				CLANG_WARN_QUOTED_INCLUDE_IN_FRAMEWORK_HEADER = YES;
				CLANG_WARN_RANGE_LOOP_ANALYSIS = YES;
				CLANG_WARN_STRICT_PROTOTYPES = YES;
				CLANG_WARN_SUSPICIOUS_MOVE = YES;
				CLANG_WARN_UNGUARDED_AVAILABILITY = YES_AGGRESSIVE;
				CLANG_WARN_UNREACHABLE_CODE = YES;
				CLANG_WARN__DUPLICATE_METHOD_MATCH = YES;
				COPY_PHASE_STRIP = NO;
				DEBUG_INFORMATION_FORMAT = dwarf;
				ENABLE_STRICT_OBJC_MSGSEND = YES;
				ENABLE_TESTABILITY = YES;
				GCC_C_LANGUAGE_STANDARD = gnu11;
				GCC_DYNAMIC_NO_PIC = NO;
				GCC_NO_COMMON_BLOCKS = YES;
				GCC_OPTIMIZATION_LEVEL = 0;
				GCC_PREPROCESSOR_DEFINITIONS = (
					"DEBUG=1",
					"$(inherited)",
				);
				GCC_WARN_64_TO_32_BIT_CONVERSION = YES;
				GCC_WARN_ABOUT_RETURN_TYPE = YES_ERROR;
				GCC_WARN_UNDECLARED_SELECTOR = YES;
				GCC_WARN_UNINITIALIZED_AUTOS = YES_AGGRESSIVE;
				GCC_WARN_UNUSED_FUNCTION = YES;
				GCC_WARN_UNUSED_VARIABLE = YES;
				IPHONEOS_DEPLOYMENT_TARGET = 14.4;
				MTL_ENABLE_DEBUG_INFO = INCLUDE_SOURCE;
				MTL_FAST_MATH = YES;
				ONLY_ACTIVE_ARCH = YES;
				SDKROOT = iphoneos;
				SWIFT_ACTIVE_COMPILATION_CONDITIONS = DEBUG;
				SWIFT_OPTIMIZATION_LEVEL = "-Onone";
			};
			name = Debug;
		};
		3A0A865125E380EB00EB812A /* Release */ = {
			isa = XCBuildConfiguration;
			buildSettings = {
				ALWAYS_SEARCH_USER_PATHS = NO;
				CLANG_ANALYZER_NONNULL = YES;
				CLANG_ANALYZER_NUMBER_OBJECT_CONVERSION = YES_AGGRESSIVE;
				CLANG_CXX_LANGUAGE_STANDARD = "gnu++14";
				CLANG_CXX_LIBRARY = "libc++";
				CLANG_ENABLE_MODULES = YES;
				CLANG_ENABLE_OBJC_ARC = YES;
				CLANG_ENABLE_OBJC_WEAK = YES;
				CLANG_WARN_BLOCK_CAPTURE_AUTORELEASING = YES;
				CLANG_WARN_BOOL_CONVERSION = YES;
				CLANG_WARN_COMMA = YES;
				CLANG_WARN_CONSTANT_CONVERSION = YES;
				CLANG_WARN_DEPRECATED_OBJC_IMPLEMENTATIONS = YES;
				CLANG_WARN_DIRECT_OBJC_ISA_USAGE = YES_ERROR;
				CLANG_WARN_DOCUMENTATION_COMMENTS = YES;
				CLANG_WARN_EMPTY_BODY = YES;
				CLANG_WARN_ENUM_CONVERSION = YES;
				CLANG_WARN_INFINITE_RECURSION = YES;
				CLANG_WARN_INT_CONVERSION = YES;
				CLANG_WARN_NON_LITERAL_NULL_CONVERSION = YES;
				CLANG_WARN_OBJC_IMPLICIT_RETAIN_SELF = YES;
				CLANG_WARN_OBJC_LITERAL_CONVERSION = YES;
				CLANG_WARN_OBJC_ROOT_CLASS = YES_ERROR;
				CLANG_WARN_QUOTED_INCLUDE_IN_FRAMEWORK_HEADER = YES;
				CLANG_WARN_RANGE_LOOP_ANALYSIS = YES;
				CLANG_WARN_STRICT_PROTOTYPES = YES;
				CLANG_WARN_SUSPICIOUS_MOVE = YES;
				CLANG_WARN_UNGUARDED_AVAILABILITY = YES_AGGRESSIVE;
				CLANG_WARN_UNREACHABLE_CODE = YES;
				CLANG_WARN__DUPLICATE_METHOD_MATCH = YES;
				COPY_PHASE_STRIP = NO;
				DEBUG_INFORMATION_FORMAT = "dwarf-with-dsym";
				ENABLE_NS_ASSERTIONS = NO;
				ENABLE_STRICT_OBJC_MSGSEND = YES;
				GCC_C_LANGUAGE_STANDARD = gnu11;
				GCC_NO_COMMON_BLOCKS = YES;
				GCC_WARN_64_TO_32_BIT_CONVERSION = YES;
				GCC_WARN_ABOUT_RETURN_TYPE = YES_ERROR;
				GCC_WARN_UNDECLARED_SELECTOR = YES;
				GCC_WARN_UNINITIALIZED_AUTOS = YES_AGGRESSIVE;
				GCC_WARN_UNUSED_FUNCTION = YES;
				GCC_WARN_UNUSED_VARIABLE = YES;
				IPHONEOS_DEPLOYMENT_TARGET = 14.4;
				MTL_ENABLE_DEBUG_INFO = NO;
				MTL_FAST_MATH = YES;
				SDKROOT = iphoneos;
				SWIFT_COMPILATION_MODE = wholemodule;
				SWIFT_OPTIMIZATION_LEVEL = "-O";
				VALIDATE_PRODUCT = YES;
			};
			name = Release;
		};
		3A0A865325E380EB00EB812A /* Debug */ = {
			isa = XCBuildConfiguration;
			buildSettings = {
				ASSETCATALOG_COMPILER_APPICON_NAME = AppIcon;
				ASSETCATALOG_COMPILER_GLOBAL_ACCENT_COLOR_NAME = AccentColor;
				CODE_SIGN_STYLE = Automatic;
				DEVELOPMENT_TEAM = FP8CB3BY93;
				INFOPLIST_FILE = iOS_Forecast/Info.plist;
				IPHONEOS_DEPLOYMENT_TARGET = 11.0;
				LD_RUNPATH_SEARCH_PATHS = (
					"$(inherited)",
					"@executable_path/Frameworks",
				);
				PRODUCT_BUNDLE_IDENTIFIER = "velmash.iOS-Forecast";
				PRODUCT_NAME = "$(TARGET_NAME)";
				SWIFT_VERSION = 5.0;
				TARGETED_DEVICE_FAMILY = "1,2";
			};
			name = Debug;
		};
		3A0A865425E380EB00EB812A /* Release */ = {
			isa = XCBuildConfiguration;
			buildSettings = {
				ASSETCATALOG_COMPILER_APPICON_NAME = AppIcon;
				ASSETCATALOG_COMPILER_GLOBAL_ACCENT_COLOR_NAME = AccentColor;
				CODE_SIGN_STYLE = Automatic;
				DEVELOPMENT_TEAM = FP8CB3BY93;
				INFOPLIST_FILE = iOS_Forecast/Info.plist;
				IPHONEOS_DEPLOYMENT_TARGET = 11.0;
				LD_RUNPATH_SEARCH_PATHS = (
					"$(inherited)",
					"@executable_path/Frameworks",
				);
				PRODUCT_BUNDLE_IDENTIFIER = "velmash.iOS-Forecast";
				PRODUCT_NAME = "$(TARGET_NAME)";
				SWIFT_VERSION = 5.0;
				TARGETED_DEVICE_FAMILY = "1,2";
			};
			name = Release;
		};
/* End XCBuildConfiguration section */

/* Begin XCConfigurationList section */
		3A0A863925E380E400EB812A /* Build configuration list for PBXProject "iOS_Forecast" */ = {
			isa = XCConfigurationList;
			buildConfigurations = (
				3A0A865025E380EB00EB812A /* Debug */,
				3A0A865125E380EB00EB812A /* Release */,
			);
			defaultConfigurationIsVisible = 0;
			defaultConfigurationName = Release;
		};
		3A0A865225E380EB00EB812A /* Build configuration list for PBXNativeTarget "iOS_Forecast" */ = {
			isa = XCConfigurationList;
			buildConfigurations = (
				3A0A865325E380EB00EB812A /* Debug */,
				3A0A865425E380EB00EB812A /* Release */,
			);
			defaultConfigurationIsVisible = 0;
			defaultConfigurationName = Release;
		};
/* End XCConfigurationList section */
	};
	rootObject = 3A0A863625E380E400EB812A /* Project object */;
}
